PODS:
  - Flutter (1.0.0)
  - pusher_client (2.0.0):
    - Flutter
    - PusherSwiftWithEncryption (~> 8.0.0)
  - PusherSwiftWithEncryption (8.0.0):
    - ReachabilitySwift (~> 5.0)
    - Sodium (= 0.8.0)
    - Starscream (~> 3.1)
  - ReachabilitySwift (5.0.0)
  - Sodium (0.8.0)
  - Starscream (3.1.1)

DEPENDENCIES:
  - Flutter (from `Flutter`)
  - pusher_client (from `.symlinks/plugins/pusher_client/ios`)

SPEC REPOS:
  trunk:
    - PusherSwiftWithEncryption
    - ReachabilitySwift
    - Sodium
    - Starscream

EXTERNAL SOURCES:
  Flutter:
    :path: Flutter
  pusher_client:
    :path: ".symlinks/plugins/pusher_client/ios"

SPEC CHECKSUMS:
  Flutter: e0871f40cf51350855a761d2e70bf5af5b9b5de7
  pusher_client: ffcefc0aeeb910ef85e82c9bb333146adad0d8ce
  PusherSwiftWithEncryption: e8626abf1067a7e1b06afde720934fe1872498e3
  ReachabilitySwift: 985039c6f7b23a1da463388634119492ff86c825
  Sodium: 63c0ca312a932e6da481689537d4b35568841bdc
  Starscream: 4bb2f9942274833f7b4d296a55504dcfc7edb7b0

PODFILE CHECKSUM: 4e8f8b2be68aeea4c0d5beb6ff1e79fface1d048

COCOAPODS: 1.15.2
